
Microsoft Visual Studio Solution File, Format Version 12.00
# Visual Studio 15
VisualStudioVersion = 15.0.28010.0
MinimumVisualStudioVersion = 10.0.40219.1
Project("{FAE04EC0-301F-11D3-BF4B-00C04F79EFBC}") = "HttpUtils", "HttpUtils\HttpUtils.csproj", "{EC881F29-B67C-4E29-9186-500D87EA5B26}"
EndProject
Global
	GlobalSection(SolutionConfigurationPlatforms) = preSolution
		Debug|Any CPU = Debug|Any CPU
		Release|Any CPU = Release|Any CPU
	EndGlobalSection
	GlobalSection(ProjectConfigurationPlatforms) = postSolution
		{EC881F29-B67C-4E29-9186-500D87EA5B26}.Debug|Any CPU.ActiveCfg = Debug|Any CPU
		{EC881F29-B67C-4E29-9186-500D87EA5B26}.Debug|Any CPU.Build.0 = Debug|Any CPU
		{EC881F29-B67C-4E29-9186-500D87EA5B26}.Release|Any CPU.ActiveCfg = Release|Any CPU
		{EC881F29-B67C-4E29-9186-500D87EA5B26}.Release|Any CPU.Build.0 = Release|Any CPU
	EndGlobalSection
	GlobalSection(SolutionProperties) = preSolution
		HideSolutionNode = FALSE
	EndGlobalSection
	GlobalSection(ExtensibilityGlobals) = postSolution
		SolutionGuid = {653DB881-ACB5-4C9A-8734-D9525F527BF3}
	EndGlobalSection
EndGlobal
